
Microsoft Visual Studio Solution File, Format Version 10.00
# Visual Studio 2008
Project("{8BC9CEB8-8B4A-11D0-8D11-00A0C91BC942}") = "prism", "prism.vcproj", "{163DC8D8-B2EF-4672-89FF-BA527FA2718D}"
	ProjectSection(ProjectDependencies) = postProject
		{2756CE13-828A-4D88-9F4B-9E0690362C59} = {2756CE13-828A-4D88-9F4B-9E0690362C59}
		{3301E1FA-9F23-43C6-A5E1-183204867D44} = {3301E1FA-9F23-43C6-A5E1-183204867D44}
	EndProjectSection
EndProject
Project("{8BC9CEB8-8B4A-11D0-8D11-00A0C91BC942}") = "sooty", "..\dependencies\sooty\project\sooty.vcproj", "{2756CE13-828A-4D88-9F4B-9E0690362C59}"
EndProject
Project("{8BC9CEB8-8B4A-11D0-8D11-00A0C91BC942}") = "atma", "..\dependencies\sooty\dependencies\atma\project\atma.vcproj", "{3301E1FA-9F23-43C6-A5E1-183204867D44}"
EndProject
Project("{8BC9CEB8-8B4A-11D0-8D11-00A0C91BC942}") = "diss", "diss\diss.vcproj", "{C8557674-9CF6-4088-B4B7-D575319F5DD3}"
EndProject
Global
	GlobalSection(SolutionConfigurationPlatforms) = preSolution
		Debug|Win32 = Debug|Win32
		Release|Win32 = Release|Win32
	EndGlobalSection
	GlobalSection(ProjectConfigurationPlatforms) = postSolution
		{163DC8D8-B2EF-4672-89FF-BA527FA2718D}.Debug|Win32.ActiveCfg = Debug|Win32
		{163DC8D8-B2EF-4672-89FF-BA527FA2718D}.Debug|Win32.Build.0 = Debug|Win32
		{163DC8D8-B2EF-4672-89FF-BA527FA2718D}.Release|Win32.ActiveCfg = Release|Win32
		{163DC8D8-B2EF-4672-89FF-BA527FA2718D}.Release|Win32.Build.0 = Release|Win32
		{2756CE13-828A-4D88-9F4B-9E0690362C59}.Debug|Win32.ActiveCfg = Debug|Win32
		{2756CE13-828A-4D88-9F4B-9E0690362C59}.Debug|Win32.Build.0 = Debug|Win32
		{2756CE13-828A-4D88-9F4B-9E0690362C59}.Release|Win32.ActiveCfg = Release|Win32
		{2756CE13-828A-4D88-9F4B-9E0690362C59}.Release|Win32.Build.0 = Release|Win32
		{3301E1FA-9F23-43C6-A5E1-183204867D44}.Debug|Win32.ActiveCfg = Debug|Win32
		{3301E1FA-9F23-43C6-A5E1-183204867D44}.Debug|Win32.Build.0 = Debug|Win32
		{3301E1FA-9F23-43C6-A5E1-183204867D44}.Release|Win32.ActiveCfg = Release|Win32
		{3301E1FA-9F23-43C6-A5E1-183204867D44}.Release|Win32.Build.0 = Release|Win32
		{C8557674-9CF6-4088-B4B7-D575319F5DD3}.Debug|Win32.ActiveCfg = Debug|Win32
		{C8557674-9CF6-4088-B4B7-D575319F5DD3}.Debug|Win32.Build.0 = Debug|Win32
		{C8557674-9CF6-4088-B4B7-D575319F5DD3}.Release|Win32.ActiveCfg = Release|Win32
		{C8557674-9CF6-4088-B4B7-D575319F5DD3}.Release|Win32.Build.0 = Release|Win32
	EndGlobalSection
	GlobalSection(SolutionProperties) = preSolution
		HideSolutionNode = FALSE
	EndGlobalSection
EndGlobal
